
Microsoft Visual Studio Solution File, Format Version 12.00
# Visual Studio Version 17
VisualStudioVersion = 17.14.36401.2 d17.14
MinimumVisualStudioVersion = 10.0.40219.1
Project("{FAE04EC0-301F-11D3-BF4B-00C04F79EFBC}") = "GestãoAluguelWeb", "GestãoAluguelWeb\GestãoAluguelWeb.csproj", "{06E6190D-8ED4-4C85-8683-D150001AE8D9}"
EndProject
Project("{FAE04EC0-301F-11D3-BF4B-00C04F79EFBC}") = "Core", "Core\Core.csproj", "{174844C1-725E-4752-946F-24831EF573A8}"
EndProject
Project("{FAE04EC0-301F-11D3-BF4B-00C04F79EFBC}") = "Service", "Service\Service.csproj", "{68CA3244-F581-4BC1-BA64-537DB520CC63}"
EndProject
Global
	GlobalSection(SolutionConfigurationPlatforms) = preSolution
		Debug|Any CPU = Debug|Any CPU
		Release|Any CPU = Release|Any CPU
	EndGlobalSection
	GlobalSection(ProjectConfigurationPlatforms) = postSolution
		{06E6190D-8ED4-4C85-8683-D150001AE8D9}.Debug|Any CPU.ActiveCfg = Debug|Any CPU
		{06E6190D-8ED4-4C85-8683-D150001AE8D9}.Debug|Any CPU.Build.0 = Debug|Any CPU
		{06E6190D-8ED4-4C85-8683-D150001AE8D9}.Release|Any CPU.ActiveCfg = Release|Any CPU
		{06E6190D-8ED4-4C85-8683-D150001AE8D9}.Release|Any CPU.Build.0 = Release|Any CPU
		{174844C1-725E-4752-946F-24831EF573A8}.Debug|Any CPU.ActiveCfg = Debug|Any CPU
		{174844C1-725E-4752-946F-24831EF573A8}.Debug|Any CPU.Build.0 = Debug|Any CPU
		{174844C1-725E-4752-946F-24831EF573A8}.Release|Any CPU.ActiveCfg = Release|Any CPU
		{174844C1-725E-4752-946F-24831EF573A8}.Release|Any CPU.Build.0 = Release|Any CPU
		{68CA3244-F581-4BC1-BA64-537DB520CC63}.Debug|Any CPU.ActiveCfg = Debug|Any CPU
		{68CA3244-F581-4BC1-BA64-537DB520CC63}.Debug|Any CPU.Build.0 = Debug|Any CPU
		{68CA3244-F581-4BC1-BA64-537DB520CC63}.Release|Any CPU.ActiveCfg = Release|Any CPU
		{68CA3244-F581-4BC1-BA64-537DB520CC63}.Release|Any CPU.Build.0 = Release|Any CPU
	EndGlobalSection
	GlobalSection(SolutionProperties) = preSolution
		HideSolutionNode = FALSE
	EndGlobalSection
	GlobalSection(ExtensibilityGlobals) = postSolution
		SolutionGuid = {C3A15288-EE16-4233-8CB9-0E5CEA3C67CC}
	EndGlobalSection
EndGlobal
